
Microsoft Visual Studio Solution File, Format Version 12.00
# Visual Studio Version 17
VisualStudioVersion = 17.2.32616.157
MinimumVisualStudioVersion = 10.0.40219.1
Project("{FAE04EC0-301F-11D3-BF4B-00C04F79EFBC}") = "Dictionary", "Dictionary\Dictionary.csproj", "{6A2B9DA7-27C5-486C-AFAF-06D2EFB5FD1D}"
EndProject
Global
	GlobalSection(SolutionConfigurationPlatforms) = preSolution
		Debug|Any CPU = Debug|Any CPU
		Release|Any CPU = Release|Any CPU
	EndGlobalSection
	GlobalSection(ProjectConfigurationPlatforms) = postSolution
		{6A2B9DA7-27C5-486C-AFAF-06D2EFB5FD1D}.Debug|Any CPU.ActiveCfg = Debug|Any CPU
		{6A2B9DA7-27C5-486C-AFAF-06D2EFB5FD1D}.Debug|Any CPU.Build.0 = Debug|Any CPU
		{6A2B9DA7-27C5-486C-AFAF-06D2EFB5FD1D}.Release|Any CPU.ActiveCfg = Release|Any CPU
		{6A2B9DA7-27C5-486C-AFAF-06D2EFB5FD1D}.Release|Any CPU.Build.0 = Release|Any CPU
	EndGlobalSection
	GlobalSection(SolutionProperties) = preSolution
		HideSolutionNode = FALSE
	EndGlobalSection
	GlobalSection(ExtensibilityGlobals) = postSolution
		SolutionGuid = {23B39B5B-0B93-4B1B-82AD-332040E2107B}
	EndGlobalSection
EndGlobal
